
Microsoft Visual Studio Solution File, Format Version 12.00
Project("{FAE04EC0-301F-11D3-BF4B-00C04F79EFBC}") = "Server", "Server\Server.csproj", "{A07A78D3-8EE3-44F0-BF3E-BB32F9B696CE}"
EndProject
Project("{FAE04EC0-301F-11D3-BF4B-00C04F79EFBC}") = "Common", "Common\Common.csproj", "{D8AB943E-8DB2-40EE-A1F4-FE20E82FF902}"
EndProject
Project("{FAE04EC0-301F-11D3-BF4B-00C04F79EFBC}") = "Client", "Client\Client.csproj", "{7B806AAB-E989-4A55-8FBB-991CCC027342}"
EndProject
Global
	GlobalSection(SolutionConfigurationPlatforms) = preSolution
		Debug|Any CPU = Debug|Any CPU
		Release|Any CPU = Release|Any CPU
	EndGlobalSection
	GlobalSection(ProjectConfigurationPlatforms) = postSolution
		{A07A78D3-8EE3-44F0-BF3E-BB32F9B696CE}.Debug|Any CPU.ActiveCfg = Debug|Any CPU
		{A07A78D3-8EE3-44F0-BF3E-BB32F9B696CE}.Debug|Any CPU.Build.0 = Debug|Any CPU
		{A07A78D3-8EE3-44F0-BF3E-BB32F9B696CE}.Release|Any CPU.ActiveCfg = Release|Any CPU
		{A07A78D3-8EE3-44F0-BF3E-BB32F9B696CE}.Release|Any CPU.Build.0 = Release|Any CPU
		{D8AB943E-8DB2-40EE-A1F4-FE20E82FF902}.Debug|Any CPU.ActiveCfg = Debug|Any CPU
		{D8AB943E-8DB2-40EE-A1F4-FE20E82FF902}.Debug|Any CPU.Build.0 = Debug|Any CPU
		{D8AB943E-8DB2-40EE-A1F4-FE20E82FF902}.Release|Any CPU.ActiveCfg = Release|Any CPU
		{D8AB943E-8DB2-40EE-A1F4-FE20E82FF902}.Release|Any CPU.Build.0 = Release|Any CPU
		{7B806AAB-E989-4A55-8FBB-991CCC027342}.Debug|Any CPU.ActiveCfg = Debug|Any CPU
		{7B806AAB-E989-4A55-8FBB-991CCC027342}.Debug|Any CPU.Build.0 = Debug|Any CPU
		{7B806AAB-E989-4A55-8FBB-991CCC027342}.Release|Any CPU.ActiveCfg = Release|Any CPU
		{7B806AAB-E989-4A55-8FBB-991CCC027342}.Release|Any CPU.Build.0 = Release|Any CPU
	EndGlobalSection
EndGlobal
